
Microsoft Visual Studio Solution File, Format Version 12.00
# Visual Studio Version 16
VisualStudioVersion = 16.0.31019.35
MinimumVisualStudioVersion = 10.0.40219.1
Project("{9A19103F-16F7-4668-BE54-9A1E7A4F7556}") = "Application.Api", "StockMount.Api\Application.Api.csproj", "{522FCB8C-27AE-4EAA-889E-26111DF66C49}"
EndProject
Project("{9A19103F-16F7-4668-BE54-9A1E7A4F7556}") = "Application.Data", "StockMount.Data\Application.Data.csproj", "{9FD1A186-4070-438D-BB12-24CC5522AC98}"
EndProject
Project("{9A19103F-16F7-4668-BE54-9A1E7A4F7556}") = "Application.Core", "StockMount.Core\Application.Core.csproj", "{BC8E1D6F-8894-4E01-AC28-FC7FACDFC556}"
EndProject
Project("{9A19103F-16F7-4668-BE54-9A1E7A4F7556}") = "Application.Dto", "StockMount.Dto\Application.Dto.csproj", "{6F01E286-1E42-49B8-8229-E197F01C9D53}"
EndProject
Project("{9A19103F-16F7-4668-BE54-9A1E7A4F7556}") = "Application.Logging", "StockMount.Logging\Application.Logging.csproj", "{5B603306-7AB3-4A6F-ABBF-31B20DFDC924}"
EndProject
Project("{9A19103F-16F7-4668-BE54-9A1E7A4F7556}") = "Application.Service", "StockMount.Service\Application.Service.csproj", "{5A560236-8E3E-480D-9BD6-F30B0A391398}"
EndProject
Project("{9A19103F-16F7-4668-BE54-9A1E7A4F7556}") = "Application.Validation", "StockMount.Validation\Application.Validation.csproj", "{0526D7BD-E662-4D3D-BCAF-301712F87300}"
EndProject
Project("{9A19103F-16F7-4668-BE54-9A1E7A4F7556}") = "Application.Security", "StockMount.Security\Application.Security.csproj", "{72A7FA54-9738-40BE-959D-C8E79DFF8770}"
EndProject
Project("{9A19103F-16F7-4668-BE54-9A1E7A4F7556}") = "Application.Utility", "StockMount.Utility\Application.Utility.csproj", "{0AEB74D2-A307-40F7-AA89-F2DB308D609D}"
EndProject
Project("{FAE04EC0-301F-11D3-BF4B-00C04F79EFBC}") = "Application.Redis", "StockMount.Redis\Application.Redis.csproj", "{6CF57715-9DAE-4B05-A70B-322A9EC4028B}"
EndProject
Global
	GlobalSection(SolutionConfigurationPlatforms) = preSolution
		Debug|Any CPU = Debug|Any CPU
		Release|Any CPU = Release|Any CPU
	EndGlobalSection
	GlobalSection(ProjectConfigurationPlatforms) = postSolution
		{522FCB8C-27AE-4EAA-889E-26111DF66C49}.Debug|Any CPU.ActiveCfg = Debug|Any CPU
		{522FCB8C-27AE-4EAA-889E-26111DF66C49}.Debug|Any CPU.Build.0 = Debug|Any CPU
		{522FCB8C-27AE-4EAA-889E-26111DF66C49}.Release|Any CPU.ActiveCfg = Release|Any CPU
		{522FCB8C-27AE-4EAA-889E-26111DF66C49}.Release|Any CPU.Build.0 = Release|Any CPU
		{9FD1A186-4070-438D-BB12-24CC5522AC98}.Debug|Any CPU.ActiveCfg = Debug|Any CPU
		{9FD1A186-4070-438D-BB12-24CC5522AC98}.Debug|Any CPU.Build.0 = Debug|Any CPU
		{9FD1A186-4070-438D-BB12-24CC5522AC98}.Release|Any CPU.ActiveCfg = Release|Any CPU
		{9FD1A186-4070-438D-BB12-24CC5522AC98}.Release|Any CPU.Build.0 = Release|Any CPU
		{BC8E1D6F-8894-4E01-AC28-FC7FACDFC556}.Debug|Any CPU.ActiveCfg = Debug|Any CPU
		{BC8E1D6F-8894-4E01-AC28-FC7FACDFC556}.Debug|Any CPU.Build.0 = Debug|Any CPU
		{BC8E1D6F-8894-4E01-AC28-FC7FACDFC556}.Release|Any CPU.ActiveCfg = Release|Any CPU
		{BC8E1D6F-8894-4E01-AC28-FC7FACDFC556}.Release|Any CPU.Build.0 = Release|Any CPU
		{6F01E286-1E42-49B8-8229-E197F01C9D53}.Debug|Any CPU.ActiveCfg = Debug|Any CPU
		{6F01E286-1E42-49B8-8229-E197F01C9D53}.Debug|Any CPU.Build.0 = Debug|Any CPU
		{6F01E286-1E42-49B8-8229-E197F01C9D53}.Release|Any CPU.ActiveCfg = Release|Any CPU
		{6F01E286-1E42-49B8-8229-E197F01C9D53}.Release|Any CPU.Build.0 = Release|Any CPU
		{5B603306-7AB3-4A6F-ABBF-31B20DFDC924}.Debug|Any CPU.ActiveCfg = Debug|Any CPU
		{5B603306-7AB3-4A6F-ABBF-31B20DFDC924}.Debug|Any CPU.Build.0 = Debug|Any CPU
		{5B603306-7AB3-4A6F-ABBF-31B20DFDC924}.Release|Any CPU.ActiveCfg = Release|Any CPU
		{5B603306-7AB3-4A6F-ABBF-31B20DFDC924}.Release|Any CPU.Build.0 = Release|Any CPU
		{5A560236-8E3E-480D-9BD6-F30B0A391398}.Debug|Any CPU.ActiveCfg = Debug|Any CPU
		{5A560236-8E3E-480D-9BD6-F30B0A391398}.Debug|Any CPU.Build.0 = Debug|Any CPU
		{5A560236-8E3E-480D-9BD6-F30B0A391398}.Release|Any CPU.ActiveCfg = Release|Any CPU
		{5A560236-8E3E-480D-9BD6-F30B0A391398}.Release|Any CPU.Build.0 = Release|Any CPU
		{0526D7BD-E662-4D3D-BCAF-301712F87300}.Debug|Any CPU.ActiveCfg = Debug|Any CPU
		{0526D7BD-E662-4D3D-BCAF-301712F87300}.Debug|Any CPU.Build.0 = Debug|Any CPU
		{0526D7BD-E662-4D3D-BCAF-301712F87300}.Release|Any CPU.ActiveCfg = Release|Any CPU
		{0526D7BD-E662-4D3D-BCAF-301712F87300}.Release|Any CPU.Build.0 = Release|Any CPU
		{72A7FA54-9738-40BE-959D-C8E79DFF8770}.Debug|Any CPU.ActiveCfg = Debug|Any CPU
		{72A7FA54-9738-40BE-959D-C8E79DFF8770}.Debug|Any CPU.Build.0 = Debug|Any CPU
		{72A7FA54-9738-40BE-959D-C8E79DFF8770}.Release|Any CPU.ActiveCfg = Release|Any CPU
		{72A7FA54-9738-40BE-959D-C8E79DFF8770}.Release|Any CPU.Build.0 = Release|Any CPU
		{0AEB74D2-A307-40F7-AA89-F2DB308D609D}.Debug|Any CPU.ActiveCfg = Debug|Any CPU
		{0AEB74D2-A307-40F7-AA89-F2DB308D609D}.Debug|Any CPU.Build.0 = Debug|Any CPU
		{0AEB74D2-A307-40F7-AA89-F2DB308D609D}.Release|Any CPU.ActiveCfg = Release|Any CPU
		{0AEB74D2-A307-40F7-AA89-F2DB308D609D}.Release|Any CPU.Build.0 = Release|Any CPU
		{6CF57715-9DAE-4B05-A70B-322A9EC4028B}.Debug|Any CPU.ActiveCfg = Debug|Any CPU
		{6CF57715-9DAE-4B05-A70B-322A9EC4028B}.Debug|Any CPU.Build.0 = Debug|Any CPU
		{6CF57715-9DAE-4B05-A70B-322A9EC4028B}.Release|Any CPU.ActiveCfg = Release|Any CPU
		{6CF57715-9DAE-4B05-A70B-322A9EC4028B}.Release|Any CPU.Build.0 = Release|Any CPU
	EndGlobalSection
	GlobalSection(SolutionProperties) = preSolution
		HideSolutionNode = FALSE
	EndGlobalSection
	GlobalSection(ExtensibilityGlobals) = postSolution
		SolutionGuid = {93621097-40D2-470F-BE6E-61282847DD8B}
	EndGlobalSection
EndGlobal
